
Microsoft Visual Studio Solution File, Format Version 12.00
# Visual Studio 15
VisualStudioVersion = 15.0.27428.2002
MinimumVisualStudioVersion = 10.0.40219.1
Project("{FAE04EC0-301F-11D3-BF4B-00C04F79EFBC}") = "ScalaSbtLSP", "ScalaSbtLSP\ScalaSbtLSP.csproj", "{C5153AAE-BC47-4B08-B61E-43D03FF333C8}"
EndProject
Project("{FAE04EC0-301F-11D3-BF4B-00C04F79EFBC}") = "Common", "Common\Common.csproj", "{F25AEDA9-3847-448D-A9BD-F0A9B87A8033}"
EndProject
Project("{2150E333-8FDC-42A3-9474-1A3956D46DE8}") = "Solution Items", "Solution Items", "{2DD27607-D1E4-4395-A6D4-B2594B8DD938}"
	ProjectSection(SolutionItems) = preProject
		LICENSE.md = LICENSE.md
	EndProjectSection
EndProject
Global
	GlobalSection(SolutionConfigurationPlatforms) = preSolution
		Debug|Any CPU = Debug|Any CPU
		Release|Any CPU = Release|Any CPU
	EndGlobalSection
	GlobalSection(ProjectConfigurationPlatforms) = postSolution
		{C5153AAE-BC47-4B08-B61E-43D03FF333C8}.Debug|Any CPU.ActiveCfg = Debug|Any CPU
		{C5153AAE-BC47-4B08-B61E-43D03FF333C8}.Debug|Any CPU.Build.0 = Debug|Any CPU
		{C5153AAE-BC47-4B08-B61E-43D03FF333C8}.Release|Any CPU.ActiveCfg = Release|Any CPU
		{C5153AAE-BC47-4B08-B61E-43D03FF333C8}.Release|Any CPU.Build.0 = Release|Any CPU
		{F25AEDA9-3847-448D-A9BD-F0A9B87A8033}.Debug|Any CPU.ActiveCfg = Debug|Any CPU
		{F25AEDA9-3847-448D-A9BD-F0A9B87A8033}.Debug|Any CPU.Build.0 = Debug|Any CPU
		{F25AEDA9-3847-448D-A9BD-F0A9B87A8033}.Release|Any CPU.ActiveCfg = Release|Any CPU
		{F25AEDA9-3847-448D-A9BD-F0A9B87A8033}.Release|Any CPU.Build.0 = Release|Any CPU
	EndGlobalSection
	GlobalSection(SolutionProperties) = preSolution
		HideSolutionNode = FALSE
	EndGlobalSection
	GlobalSection(ExtensibilityGlobals) = postSolution
		SolutionGuid = {5931AE31-0BCC-4EF6-B23C-8A894E9DC56F}
	EndGlobalSection
EndGlobal
